version = 1
revision = 3
requires-python = ">=3.12"

[[package]]
name = "anyio"
version = "4.13.0"
source = { registry = "https://pypi.org/simple" }
dependencies = [
    { name = "idna" },
    { name = "typing-extensions", marker = "python_full_version < '3.13'" },
]
sdist = { url = "https://files.pythonhosted.org/packages/19/14/2c5dd9f512b66549ae92767a9c7b330ae88e1932ca57876909410251fe13/anyio-4.13.0.tar.gz", hash = "sha256:334b70e641fd2221c1505b3890c69882fe4a2df910cba14d97019b90b24439dc", size = 231622, upload-time = "2026-03-24T12:59:09.671Z" }
wheels = [
    { url = "https://files.pythonhosted.org/packages/da/42/e921fccf5015463e32a3cf6ee7f980a6ed0f395ceeaa45060b61d86486c2/anyio-4.13.0-py3-none-any.whl", hash = "sha256:08b310f9e24a9594186fd75b4f73f4a4152069e3853f1ed8bfbf58369f4ad708", size = 114353, upload-time = "2026-03-24T12:59:08.246Z" },
]

[[package]]
name = "colorama"
version = "0.4.6"
source = { registry = "https://pypi.org/simple" }
sdist = { url = "https://files.pythonhosted.org/packages/d8/53/6f443c9a4a8358a93a6792e2acffb9d9d5cb0a5cfd8802644b7b1c9a02e4/colorama-0.4.6.tar.gz", hash = "sha256:08695f5cb7ed6e0531a20572697297273c47b8cae5a63ffc6d6ed5c201be6e44", size = 27697, upload-time = "2022-10-25T02:36:22.414Z" }
wheels = [
    { url = "https://files.pythonhosted.org/packages/d1/d6/3965ed04c63042e047cb6a3e6ed1a63a35087b6a609aa3a15ed8ac56c221/colorama-0.4.6-py2.py3-none-any.whl", hash = "sha256:4f1d9991f5acc0ca119f9d443620b77f9d6b33703e51011c16baf57afb285fc6", size = 25335, upload-time = "2022-10-25T02:36:20.889Z" },
]

[[package]]
name = "idna"
version = "3.18"
source = { registry = "https://pypi.org/simple" }
sdist = { url = "https://files.pythonhosted.org/packages/cd/63/9496c57188a2ee585e0f1db071d75089a11e98aa86eb99d9d7618fc1edce/idna-3.18.tar.gz", hash = "sha256:ffb385a7e039654cef1ab9ef32c6fafe283c0c0467bba1d9029738ce4a14a848", size = 196711, upload-time = "2026-06-02T14:34:07.794Z" }
wheels = [
    { url = "https://files.pythonhosted.org/packages/1e/5e/d4e9f1a599fb8e573b7b87160658329fbf28d19eac2718f51fc3def3aa5a/idna-3.18-py3-none-any.whl", hash = "sha256:7f952cbe720b688055e3f87de14f5c3e5fdaa8bc3928985c4077ca689de849a2", size = 65455, upload-time = "2026-06-02T14:34:06.319Z" },
]

[[package]]
name = "iniconfig"
version = "2.3.0"
source = { registry = "https://pypi.org/simple" }
sdist = { url = "https://files.pythonhosted.org/packages/72/34/14ca021ce8e5dfedc35312d08ba8bf51fdd999c576889fc2c24cb97f4f10/iniconfig-2.3.0.tar.gz", hash = "sha256:c76315c77db068650d49c5b56314774a7804df16fee4402c1f19d6d15d8c4730", size = 20503, upload-time = "2025-10-18T21:55:43.219Z" }
wheels = [
    { url = "https://files.pythonhosted.org/packages/cb/b1/3846dd7f199d53cb17f49cba7e651e9ce294d8497c8c150530ed11865bb8/iniconfig-2.3.0-py3-none-any.whl", hash = "sha256:f631c04d2c48c52b84d0d0549c99ff3859c98df65b3101406327ecc7d53fbf12", size = 7484, upload-time = "2025-10-18T21:55:41.639Z" },
]

[[package]]
name = "lizard"
version = "1.23.0"
source = { registry = "https://pypi.org/simple" }
dependencies = [
    { name = "pathspec" },
    { name = "pygments" },
]
sdist = { url = "https://files.pythonhosted.org/packages/5b/94/4967d0868e7db39a72fa2dbef9a798c4d661178f3836bfec58091606f0f3/lizard-1.23.0.tar.gz", hash = "sha256:ed75cd45f086a2f51d6be64b0149b71bda820f92f95e30898254528bb949f795", size = 92659, upload-time = "2026-06-02T06:17:27.383Z" }
wheels = [
    { url = "https://files.pythonhosted.org/packages/3b/d9/25e62cbb9c4077a2dabc73e5f34dc947887f4fe1526f53d2c0489abfc186/lizard-1.23.0-py2.py3-none-any.whl", hash = "sha256:e9111e35c8a5f2e00d55cab318fca3504622991417411ea16cf46874fb752f42", size = 100830, upload-time = "2026-06-02T06:17:26.076Z" },
]

[[package]]
name = "packaging"
version = "26.2"
source = { registry = "https://pypi.org/simple" }
sdist = { url = "https://files.pythonhosted.org/packages/d7/f1/e7a6dd94a8d4a5626c03e4e99c87f241ba9e350cd9e6d75123f992427270/packaging-26.2.tar.gz", hash = "sha256:ff452ff5a3e828ce110190feff1178bb1f2ea2281fa2075aadb987c2fb221661", size = 228134, upload-time = "2026-04-24T20:15:23.917Z" }
wheels = [
    { url = "https://files.pythonhosted.org/packages/df/b2/87e62e8c3e2f4b32e5fe99e0b86d576da1312593b39f47d8ceef365e95ed/packaging-26.2-py3-none-any.whl", hash = "sha256:5fc45236b9446107ff2415ce77c807cee2862cb6fac22b8a73826d0693b0980e", size = 100195, upload-time = "2026-04-24T20:15:22.081Z" },
]

[[package]]
name = "pathspec"
version = "1.1.1"
source = { registry = "https://pypi.org/simple" }
sdist = { url = "https://files.pythonhosted.org/packages/5a/82/42f767fc1c1143d6fd36efb827202a2d997a375e160a71eb2888a925aac1/pathspec-1.1.1.tar.gz", hash = "sha256:17db5ecd524104a120e173814c90367a96a98d07c45b2e10c2f3919fff91bf5a", size = 135180, upload-time = "2026-04-27T01:46:08.907Z" }
wheels = [
    { url = "https://files.pythonhosted.org/packages/f1/d9/7fb5aa316bc299258e68c73ba3bddbc499654a07f151cba08f6153988714/pathspec-1.1.1-py3-none-any.whl", hash = "sha256:a00ce642f577bf7f473932318056212bc4f8bfdf53128c78bbd5af0b9b20b189", size = 57328, upload-time = "2026-04-27T01:46:07.06Z" },
]

[[package]]
name = "pluggy"
version = "1.6.0"
source = { registry = "https://pypi.org/simple" }
sdist = { url = "https://files.pythonhosted.org/packages/f9/e2/3e91f31a7d2b083fe6ef3fa267035b518369d9511ffab804f839851d2779/pluggy-1.6.0.tar.gz", hash = "sha256:7dcc130b76258d33b90f61b658791dede3486c3e6bfb003ee5c9bfb396dd22f3", size = 69412, upload-time = "2025-05-15T12:30:07.975Z" }
wheels = [
    { url = "https://files.pythonhosted.org/packages/54/20/4d324d65cc6d9205fabedc306948156824eb9f0ee1633355a8f7ec5c66bf/pluggy-1.6.0-py3-none-any.whl", hash = "sha256:e920276dd6813095e9377c0bc5566d94c932c33b27a3e3945d8389c374dd4746", size = 20538, upload-time = "2025-05-15T12:30:06.134Z" },
]

[[package]]
name = "pygments"
version = "2.20.0"
source = { registry = "https://pypi.org/simple" }
sdist = { url = "https://files.pythonhosted.org/packages/c3/b2/bc9c9196916376152d655522fdcebac55e66de6603a76a02bca1b6414f6c/pygments-2.20.0.tar.gz", hash = "sha256:6757cd03768053ff99f3039c1a36d6c0aa0b263438fcab17520b30a303a82b5f", size = 4955991, upload-time = "2026-03-29T13:29:33.898Z" }
wheels = [
    { url = "https://files.pythonhosted.org/packages/f4/7e/a72dd26f3b0f4f2bf1dd8923c85f7ceb43172af56d63c7383eb62b332364/pygments-2.20.0-py3-none-any.whl", hash = "sha256:81a9e26dd42fd28a23a2d169d86d7ac03b46e2f8b59ed4698fb4785f946d0176", size = 1231151, upload-time = "2026-03-29T13:29:30.038Z" },
]

[[package]]
name = "pytest"
version = "9.0.3"
source = { registry = "https://pypi.org/simple" }
dependencies = [
    { name = "colorama", marker = "sys_platform == 'win32'" },
    { name = "iniconfig" },
    { name = "packaging" },
    { name = "pluggy" },
    { name = "pygments" },
]
sdist = { url = "https://files.pythonhosted.org/packages/7d/0d/549bd94f1a0a402dc8cf64563a117c0f3765662e2e668477624baeec44d5/pytest-9.0.3.tar.gz", hash = "sha256:b86ada508af81d19edeb213c681b1d48246c1a91d304c6c81a427674c17eb91c", size = 1572165, upload-time = "2026-04-07T17:16:18.027Z" }
wheels = [
    { url = "https://files.pythonhosted.org/packages/d4/24/a372aaf5c9b7208e7112038812994107bc65a84cd00e0354a88c2c77a617/pytest-9.0.3-py3-none-any.whl", hash = "sha256:2c5efc453d45394fdd706ade797c0a81091eccd1d6e4bccfcd476e2b8e0ab5d9", size = 375249, upload-time = "2026-04-07T17:16:16.13Z" },
]

[[package]]
name = "ruff"
version = "0.15.16"
source = { registry = "https://pypi.org/simple" }
sdist = { url = "https://files.pythonhosted.org/packages/a6/bd/5f7ec371001337d8fa61701c186ff8b613ecac1651848c5950f4c4d5f2e9/ruff-0.15.16.tar.gz", hash = "sha256:d05e78d38c78caf020b03789e25106c93017db5a0cb6e2819885018c61343b78", size = 4714267, upload-time = "2026-06-04T16:33:09.974Z" }
wheels = [
    { url = "https://files.pythonhosted.org/packages/0c/42/53ef1c3953f157956db9bf7861e3bc50b9b887ce93300aa48cdba8336fe6/ruff-0.15.16-py3-none-linux_armv6l.whl", hash = "sha256:6ac3c0b3969cc6cf6b158c4e2f8f682acb58e7d700d8a44b65ecdc72d66ab0b2", size = 10709025, upload-time = "2026-06-04T16:32:51.935Z" },
    { url = "https://files.pythonhosted.org/packages/93/9a/a79159346f19134a956607754e57d8d128f7a4c00f4ad2f7514d224c172c/ruff-0.15.16-py3-none-macosx_10_12_x86_64.whl", hash = "sha256:197c207ed75ffba54a0dec23db4aa939a27a3053073e085e0042433cbdc58e4a", size = 11063550, upload-time = "2026-06-04T16:32:42.24Z" },
    { url = "https://files.pythonhosted.org/packages/bc/72/3ce2ac000a5299ec238e01f51397b3b653c93b077d9b1bfe8715bb895f20/ruff-0.15.16-py3-none-macosx_11_0_arm64.whl", hash = "sha256:3a39fec45ab316cc23e7558f23fea4a70403ddb5648ea9a4a3854a16973d0071", size = 10421345, upload-time = "2026-06-04T16:32:37.251Z" },
    { url = "https://files.pythonhosted.org/packages/b0/c2/cc7fad3ec9169373f5b6a18f1917b91080feec40c3f9658334a1d28e2f03/ruff-0.15.16-py3-none-manylinux_2_17_aarch64.manylinux2014_aarch64.whl", hash = "sha256:ba93191d79003116b95128c9d306e045200fdbd0bccb782b110f3cd1d4abc5cf", size = 10757217, upload-time = "2026-06-04T16:32:54.722Z" },
    { url = "https://files.pythonhosted.org/packages/69/d2/3474009eaa0a65b31fa7152a2fad5e2f050c640ceb1e6b02ee6922e94c82/ruff-0.15.16-py3-none-manylinux_2_17_armv7l.manylinux2014_armv7l.whl", hash = "sha256:c6ee4b90520630120ef032aa5cc10db483852dff950e78b1d717e2993a61ac8d", size = 10507035, upload-time = "2026-06-04T16:33:05.343Z" },
    { url = "https://files.pythonhosted.org/packages/ca/81/b7ae6ccbd11f0c8dc3d5d67fc4be9b57ff57ca86ba56152021378e1277f2/ruff-0.15.16-py3-none-manylinux_2_17_i686.manylinux2014_i686.whl", hash = "sha256:4e4215bc938bc3c8215c1472c1aa437e310fee20cd427335fec9d7e609563628", size = 11255291, upload-time = "2026-06-04T16:32:49.49Z" },
    { url = "https://files.pythonhosted.org/packages/d9/e1/46e526f1a7cc90857ce6ddf25fbb77eb6568651ac38d71b033af07076dd5/ruff-0.15.16-py3-none-manylinux_2_17_ppc64le.manylinux2014_ppc64le.whl", hash = "sha256:7c8d26be963b090f10e29abc8b3e74a2a321f6fa34e02424e30b5af89350ecbb", size = 12124922, upload-time = "2026-06-04T16:33:07.821Z" },
    { url = "https://files.pythonhosted.org/packages/1a/da/5c791b088b596b24d0deb967fa28ae02ad751a140c0b9ea81c5ab915d6c0/ruff-0.15.16-py3-none-manylinux_2_17_s390x.manylinux2014_s390x.whl", hash = "sha256:f198cf4123602a2280ed46c307bcbafe41758d6fee5b456b6b6058ca1514b3b4", size = 11332186, upload-time = "2026-06-04T16:33:02.971Z" },
    { url = "https://files.pythonhosted.org/packages/72/11/5da87abe20047c8962361473923ebb2f62b595250126aadfad8c20649c1e/ruff-0.15.16-py3-none-manylinux_2_17_x86_64.manylinux2014_x86_64.whl", hash = "sha256:bb27515fa6240fb586ae82b901a59e67d24acff86f2190b433dc542fe0435aeb", size = 11373541, upload-time = "2026-06-04T16:32:47.007Z" },
    { url = "https://files.pythonhosted.org/packages/fe/2a/8554754c23a854ae3fd6b507e36ad61ddb121e298c6d5d617dec94ed0f14/ruff-0.15.16-py3-none-manylinux_2_31_riscv64.whl", hash = "sha256:a267c46ba1593fc26b8eecbea050b39d40c0b6bb7781ee11c90a02cd10032951", size = 11353014, upload-time = "2026-06-04T16:32:34.795Z" },
    { url = "https://files.pythonhosted.org/packages/62/25/62ea41529ec89f742ea3fed9cb1059c72877ec7cf9b9e99ac9cf3294d1d9/ruff-0.15.16-py3-none-musllinux_1_2_aarch64.whl", hash = "sha256:528c68f39a91498a8d50e91ff5985df3d105782bab49cc378e73ac26bff083e8", size = 10737467, upload-time = "2026-06-04T16:32:26.348Z" },
    { url = "https://files.pythonhosted.org/packages/90/17/334d3ad9de4d40f9dd58fdd09e35ce64553bb501e2f19a839e2fb6be14fc/ruff-0.15.16-py3-none-musllinux_1_2_armv7l.whl", hash = "sha256:7ed55c58950df60589a9a7a5d2f8fa5f54ebd287163be805adfe6ee95a9de123", size = 10521910, upload-time = "2026-06-04T16:32:32.54Z" },
    { url = "https://files.pythonhosted.org/packages/4d/bd/3ac7c6ae77a885c1004b3dda2446ea401768d24f851c14b4ad4b24f6639c/ruff-0.15.16-py3-none-musllinux_1_2_i686.whl", hash = "sha256:d482feaf51512b50f9790ceb417a56a61dd1e9d9bf967662b9ed27c01b34f53a", size = 10979190, upload-time = "2026-06-04T16:32:57.492Z" },
    { url = "https://files.pythonhosted.org/packages/33/d7/609546e6a413c3f216fbf2a50c928f97c80939154f6a0503114094a86191/ruff-0.15.16-py3-none-musllinux_1_2_x86_64.whl", hash = "sha256:1e15bc8c94513dae2a40cc9ef07c94fdd4ecc9e29dabebeebe170f952322c9e3", size = 11477014, upload-time = "2026-06-04T16:32:44.687Z" },
    { url = "https://files.pythonhosted.org/packages/74/0d/f2cd247ad32633a5c36e97141a2c21b11c6279f7957bc2ff360b1e08fddd/ruff-0.15.16-py3-none-win32.whl", hash = "sha256:580378f7bd4aa25f72e74aa54948a9622f142b1e509521dd10902e886681cc1e", size = 10735541, upload-time = "2026-06-04T16:32:30.145Z" },
    { url = "https://files.pythonhosted.org/packages/8b/9e/02e845ef151b1dee585e55c4739f8e1734ae1d9f1221dff65761c162208b/ruff-0.15.16-py3-none-win_amd64.whl", hash = "sha256:408256017284eddf98fff77b29aa4fb30f586042d535b2d9befc6512f400aaec", size = 11843403, upload-time = "2026-06-04T16:32:39.76Z" },
    { url = "https://files.pythonhosted.org/packages/15/19/016553f86f207450aebebc2b2b5088d086b901cc8186c02ac4284db3bd88/ruff-0.15.16-py3-none-win_arm64.whl", hash = "sha256:8cd61783afb39638a7133ef0d2dfb1e91277593962f81b5a8423eb0b888a6121", size = 11134555, upload-time = "2026-06-04T16:33:00.136Z" },
]

[[package]]
name = "spice-harness"
version = "0.2.0"
source = { editable = "." }
dependencies = [
    { name = "lizard" },
    { name = "ruff" },
    { name = "watchfiles" },
]

[package.dev-dependencies]
dev = [
    { name = "pytest" },
]

[package.metadata]
requires-dist = [
    { name = "lizard", specifier = ">=1.21" },
    { name = "ruff", specifier = ">=0.11" },
    { name = "watchfiles", specifier = ">=1.1" },
]

[package.metadata.requires-dev]
dev = [{ name = "pytest", specifier = ">=8.0" }]

[[package]]
name = "typing-extensions"
version = "4.15.0"
source = { registry = "https://pypi.org/simple" }
sdist = { url = "https://files.pythonhosted.org/packages/72/94/1a15dd82efb362ac84269196e94cf00f187f7ed21c242792a923cdb1c61f/typing_extensions-4.15.0.tar.gz", hash = "sha256:0cea48d173cc12fa28ecabc3b837ea3cf6f38c6d1136f85cbaaf598984861466", size = 109391, upload-time = "2025-08-25T13:49:26.313Z" }
wheels = [
    { url = "https://files.pythonhosted.org/packages/18/67/36e9267722cc04a6b9f15c7f3441c2363321a3ea07da7ae0c0707beb2a9c/typing_extensions-4.15.0-py3-none-any.whl", hash = "sha256:f0fa19c6845758ab08074a0cfa8b7aecb71c999ca73d62883bc25cc018c4e548", size = 44614, upload-time = "2025-08-25T13:49:24.86Z" },
]

[[package]]
name = "watchfiles"
version = "1.2.0"
source = { registry = "https://pypi.org/simple" }
dependencies = [
    { name = "anyio" },
]
sdist = { url = "https://files.pythonhosted.org/packages/cd/41/5e1a4bb12aac5f1493fa1bdc11154eca3b258ca4eba65d39c473fe19d8e9/watchfiles-1.2.0.tar.gz", hash = "sha256:c995fba777f1ea992f090f9236e9284cf7a5d1a0130dd5a3d82c598cacd76838", size = 108252, upload-time = "2026-05-18T04:32:04.251Z" }
wheels = [
    { url = "https://files.pythonhosted.org/packages/b8/2f/e42c992d2afda3108ea1c02acecc991b9f31d05c14adc2a7cee9ee211fc4/watchfiles-1.2.0-cp312-cp312-macosx_10_12_x86_64.whl", hash = "sha256:bc13eb17538be00c874699dc0abe4ee2bc8d50bb1166a6b9e175ef3fd7eb8f26", size = 400115, upload-time = "2026-05-18T04:32:02.06Z" },
    { url = "https://files.pythonhosted.org/packages/5f/8f/6af2ea19065c91d8b0ea3516fdfc8c0d349f407e8e9fbf4e5a17360de8ad/watchfiles-1.2.0-cp312-cp312-macosx_11_0_arm64.whl", hash = "sha256:2d95ddc1eb6914154253d239089900813f6a767e174b8e6a50e7fdacb7e4236c", size = 393659, upload-time = "2026-05-18T04:30:50.951Z" },
    { url = "https://files.pythonhosted.org/packages/13/01/b32a967c56fb3e3e5be3db52c3d3b87fa4513aa367d8ed1ad96d42952e5f/watchfiles-1.2.0-cp312-cp312-manylinux_2_17_aarch64.manylinux2014_aarch64.whl", hash = "sha256:8f70d8b291ef6e88d19b1f297a6905ddb978888d9272b0d05e6f53309856bcfc", size = 453207, upload-time = "2026-05-18T04:31:04.231Z" },
    { url = "https://files.pythonhosted.org/packages/04/98/97557a812180338cb1abd32e1cffcc4588f59b5f23e0cb006b2ba95ba64a/watchfiles-1.2.0-cp312-cp312-manylinux_2_17_armv7l.manylinux2014_armv7l.whl", hash = "sha256:56d8641cf834c2836922899105bd3ce3d0dfc69291d52edf0b4d0436829b34c0", size = 459273, upload-time = "2026-05-18T04:31:50.377Z" },
    { url = "https://files.pythonhosted.org/packages/e8/a8/b4b08dcb7653b8087c6586f7ce649505900e866bbcfe40dc9587af02e686/watchfiles-1.2.0-cp312-cp312-manylinux_2_17_i686.manylinux2014_i686.whl", hash = "sha256:2581a94056e55d7d0a31a823ea92bf73749c489ca2285bfdc0fbe6b2bb49d50c", size = 489927, upload-time = "2026-05-18T04:31:42.485Z" },
    { url = "https://files.pythonhosted.org/packages/50/94/3dceea03545d2e5ddfd839f0ddd5e1cecbf1697b5a428d5ba11cef6af95d/watchfiles-1.2.0-cp312-cp312-manylinux_2_17_ppc64le.manylinux2014_ppc64le.whl", hash = "sha256:41bc1199f7523b3f82843c88cbb979180c949caef0342cf90968f178e5d49b01", size = 570476, upload-time = "2026-05-18T04:31:03.071Z" },
    { url = "https://files.pythonhosted.org/packages/cc/f2/d39a5450c3532092b91f81d274360e613c2371bc874a89c7a1a3c5e8d138/watchfiles-1.2.0-cp312-cp312-manylinux_2_17_s390x.manylinux2014_s390x.whl", hash = "sha256:7571e4464cb6e434958f867f7f730b8ab0b75e3f8e5eac0499168486ab3c33a8", size = 465650, upload-time = "2026-05-18T04:30:12.701Z" },
    { url = "https://files.pythonhosted.org/packages/22/24/ed72f68cbc1333ca9b9f2200aa048bb6658ae41709bc1caad4310f4bdffd/watchfiles-1.2.0-cp312-cp312-manylinux_2_17_x86_64.manylinux2014_x86_64.whl", hash = "sha256:e53a384f76b631c3ae5334ce6a52f0baa3a911eb94a4eac7f160079868b716d5", size = 456398, upload-time = "2026-05-18T04:30:13.784Z" },
    { url = "https://files.pythonhosted.org/packages/0d/64/982ef4a4e5bab5b6e5b6becc8cd5e732f6130a78b855f0abec6439a9a135/watchfiles-1.2.0-cp312-cp312-manylinux_2_31_riscv64.whl", hash = "sha256:d20029a60a71a052a24c4db7673bc4de39ab89adbaccbfb5d67987c5d73f424d", size = 465140, upload-time = "2026-05-18T04:31:52.111Z" },
    { url = "https://files.pythonhosted.org/packages/a0/0c/95282abf4ed680b6096010bcfc30c5fa7a041fc5aa5a2ad17a2cc6c75bba/watchfiles-1.2.0-cp312-cp312-musllinux_1_1_aarch64.whl", hash = "sha256:2cb93af48550faf1cea04c303107c8b75833de7013e57ce27d3b8d21d8d0f58c", size = 630259, upload-time = "2026-05-18T04:31:25.676Z" },
    { url = "https://files.pythonhosted.org/packages/30/45/607c1de1530c4bdcf2cf1d1ecc2505ddba5d96bd43ba9f2b0e79876f850f/watchfiles-1.2.0-cp312-cp312-musllinux_1_1_x86_64.whl", hash = "sha256:2995c176de7692b86a2e4c58d9ec718f753150a979cb4a754e2b4ffa38e70906", size = 659859, upload-time = "2026-05-18T04:30:24.333Z" },
    { url = "https://files.pythonhosted.org/packages/fa/08/d9e2e0f9e8e6791d33aefc694ad7eefa7f901f63caff84a81ded38692f9c/watchfiles-1.2.0-cp312-cp312-win32.whl", hash = "sha256:7a2cffd17d27d2ecbb310c2b1d8174f222a5495b1a721894afa88ec11e25b898", size = 275480, upload-time = "2026-05-18T04:30:31.307Z" },
    { url = "https://files.pythonhosted.org/packages/1c/e6/9d42569c0102645cc8cea5d8c7d8a1e9d4ada2cb7f05f75e554b8aa2202a/watchfiles-1.2.0-cp312-cp312-win_amd64.whl", hash = "sha256:f155b3a1b2a5fc89cdc70d47ee5d54e3b75e88efa34982028a35daef9ba00379", size = 288718, upload-time = "2026-05-18T04:32:10.745Z" },
    { url = "https://files.pythonhosted.org/packages/0a/26/88e0dc6ee3898169d7fa22bb6a69cabf2502d2ee25cb8c876d1262d204f8/watchfiles-1.2.0-cp312-cp312-win_arm64.whl", hash = "sha256:8fa585ede612ee9f9e91b18bebf9ba11b9ae29a4e3a0d0cf6fca3e382133f0d5", size = 281026, upload-time = "2026-05-18T04:30:22.23Z" },
    { url = "https://files.pythonhosted.org/packages/d1/4d/70a7feced9f87e2ff26dba42667290f41694fc64646c67261fbb8cab5d5c/watchfiles-1.2.0-cp313-cp313-macosx_10_12_x86_64.whl", hash = "sha256:01ea8d66f0693b9b60a6541c8d10263091ca9a9060d242f3c1f3143f9aad2c98", size = 399730, upload-time = "2026-05-18T04:31:38.162Z" },
    { url = "https://files.pythonhosted.org/packages/31/3a/0da302f2307aee316922806ebd5726c542cbd787c938271cf14a074c7daf/watchfiles-1.2.0-cp313-cp313-macosx_11_0_arm64.whl", hash = "sha256:7ba0480b9a74af058f43b337e937a451e109295c420916d68ad24e3dc02f5e44", size = 392842, upload-time = "2026-05-18T04:30:27.051Z" },
    { url = "https://files.pythonhosted.org/packages/db/ef/d5bdb705c224dbc256aa0c1ec47bf4e61ec52558f2afb44a71a1fe4d7015/watchfiles-1.2.0-cp313-cp313-manylinux_2_17_aarch64.manylinux2014_aarch64.whl", hash = "sha256:4f34e26a19f91f710c08e0183429f0d1d15df734e6bc78c31e77b9ea9c433658", size = 452989, upload-time = "2026-05-18T04:31:11.945Z" },
    { url = "https://files.pythonhosted.org/packages/71/29/5495f2c1661949ef7a35e4d71111d129cfe7606414a26887a919d0a55406/watchfiles-1.2.0-cp313-cp313-manylinux_2_17_armv7l.manylinux2014_armv7l.whl", hash = "sha256:b4e77f6a55f858504069abd35d336a637555c09bca453dde1ee1e5ada8a6a1fb", size = 458978, upload-time = "2026-05-18T04:30:52.606Z" },
    { url = "https://files.pythonhosted.org/packages/d5/8c/7f9c07c433811c2fffd93e13fdfb7135de9aab5f2ae41be08960fa0047dc/watchfiles-1.2.0-cp313-cp313-manylinux_2_17_i686.manylinux2014_i686.whl", hash = "sha256:0cb4d80e212f116474a545c21c912b445f16bb0cef9e6a73a498164223e14e2f", size = 490248, upload-time = "2026-05-18T04:31:36.003Z" },
    { url = "https://files.pythonhosted.org/packages/3c/11/d93632febc52fbc21be90231bb7c17fd5387f46c9076fd40a5f9c2ae6910/watchfiles-1.2.0-cp313-cp313-manylinux_2_17_ppc64le.manylinux2014_ppc64le.whl", hash = "sha256:b974946a10af379d425e2eef5b62f5c6ebeaccf91d45eaad6f5b27ecd4f91aa0", size = 571847, upload-time = "2026-05-18T04:31:10.862Z" },
    { url = "https://files.pythonhosted.org/packages/55/b4/383173e73aabb07ad1d9c7aa859d95437ac46a6d6a1e11005facda0c9d19/watchfiles-1.2.0-cp313-cp313-manylinux_2_17_s390x.manylinux2014_s390x.whl", hash = "sha256:86bc13c25a8d1fcd70b51d0ce7c9b65e90de5666fcbfd3e34957cc73ee19aeb5", size = 465974, upload-time = "2026-05-18T04:30:17.006Z" },
    { url = "https://files.pythonhosted.org/packages/a7/6c/89b1a230a78f57c52dd8893adb1f92f94411721b6ec12596c56d98c74356/watchfiles-1.2.0-cp313-cp313-manylinux_2_17_x86_64.manylinux2014_x86_64.whl", hash = "sha256:ca148d73dea36c9763aaa351e4d7a51780ec1584217c45276f4fe8239c768b71", size = 454782, upload-time = "2026-05-18T04:30:35.656Z" },
    { url = "https://files.pythonhosted.org/packages/24/62/1732118367cfff0a9fce3bf62ff4bfded09ef5df21d9d446b858b3f70a96/watchfiles-1.2.0-cp313-cp313-manylinux_2_31_riscv64.whl", hash = "sha256:c525543d91961c6955b2636b308569e84a1d1c5f5f2932041ab9ef46422f43e3", size = 465182, upload-time = "2026-05-18T04:30:20.846Z" },
    { url = "https://files.pythonhosted.org/packages/28/96/716f7e5f51339bf22963f3345f9f27d7f3b30e2eadc597e257c881dd3c53/watchfiles-1.2.0-cp313-cp313-musllinux_1_1_aarch64.whl", hash = "sha256:a204794696ffb8f9b10fba6f7cb5216d42f3b2b71860ccac6b6e42f5f10973b0", size = 629841, upload-time = "2026-05-18T04:31:05.397Z" },
    { url = "https://files.pythonhosted.org/packages/4c/fe/c40783950fd771ccf66ab3ec2722d188a9af1c7f96c6e811f36e40c6e03f/watchfiles-1.2.0-cp313-cp313-musllinux_1_1_x86_64.whl", hash = "sha256:10d86db20695afe7997ac9e1717637d6714a8d0220458c33f3d2061f54cec427", size = 658028, upload-time = "2026-05-18T04:31:48.22Z" },
    { url = "https://files.pythonhosted.org/packages/71/72/4508db1856d1d87fcbb3b63f4839bab1b5682cb0e8d224d122263c09654a/watchfiles-1.2.0-cp313-cp313-win32.whl", hash = "sha256:eb283ee99e21ad6443c8cdb06ac5b34b1308c329cbdf03fa02b445363714c799", size = 275183, upload-time = "2026-05-18T04:30:59.57Z" },
    { url = "https://files.pythonhosted.org/packages/f9/36/14b76ca57652e5cc5fd1c11f32a261292c08a0d19a00351013c2549cbfb2/watchfiles-1.2.0-cp313-cp313-win_amd64.whl", hash = "sha256:a0f27f01bee51861392bb6b7c4fdb290b27d1eb194e9e28788d68102a0e898d9", size = 288059, upload-time = "2026-05-18T04:32:07.937Z" },
    { url = "https://files.pythonhosted.org/packages/1b/8d/0a85e395398d8d20fadfe5c5d32c726eee17a519e78fb356f2cf7531bffe/watchfiles-1.2.0-cp313-cp313-win_arm64.whl", hash = "sha256:3651aa7058595e9cfb75d35dd5ada2bf9f48a5b8a0f3562821d3e210c507e077", size = 280186, upload-time = "2026-05-18T04:31:54.484Z" },
    { url = "https://files.pythonhosted.org/packages/37/68/36db056f1fdcc5f07302f56e631774d6835bcd6fa3ace402304621d5f9e5/watchfiles-1.2.0-cp313-cp313t-macosx_10_12_x86_64.whl", hash = "sha256:faea288b6f0ab1902ef08f4ca6de005dccf856c4e0c4f21b8c5fce02d90a1b08", size = 399031, upload-time = "2026-05-18T04:30:44.576Z" },
    { url = "https://files.pythonhosted.org/packages/c1/64/01a9d6f66a82a5c101ce939274106cc72759d62427e153f01edd2b9f87c2/watchfiles-1.2.0-cp313-cp313t-macosx_11_0_arm64.whl", hash = "sha256:01859b11fd9fbca670f4d5da00fbac282cfea9bd67a2125d8b2833a3b5617ea9", size = 391205, upload-time = "2026-05-18T04:30:25.413Z" },
    { url = "https://files.pythonhosted.org/packages/84/2c/0a44fe058cb4bb7b8ede6b6670698bbb7c0400740e378d00022189b7b31d/watchfiles-1.2.0-cp313-cp313t-manylinux_2_17_aarch64.manylinux2014_aarch64.whl", hash = "sha256:fff610d7bb2256a317bb1e96f0d7862c7aa8076733ee5df0fd41bbe76a24a4f4", size = 451892, upload-time = "2026-05-18T04:32:14.005Z" },
    { url = "https://files.pythonhosted.org/packages/67/a1/351e0d56cd35e6488b5c8b4fb11a809a5bc923e8fe8fed9faf8920be0c89/watchfiles-1.2.0-cp313-cp313t-manylinux_2_17_armv7l.manylinux2014_armv7l.whl", hash = "sha256:b141a4891c995a039cd89e9a49e62df1dc8a559a5d1a6e4c7106d16c12777a55", size = 458867, upload-time = "2026-05-18T04:31:22.279Z" },
    { url = "https://files.pythonhosted.org/packages/d5/7d/9d09605187f1b838998624049fcf8bf47b73c1a3b76901fcac1782f62277/watchfiles-1.2.0-cp313-cp313t-manylinux_2_17_i686.manylinux2014_i686.whl", hash = "sha256:f22943b7770483f6ea0721c6b11d022947a98eb0acae14694de034f4d0d38925", size = 490217, upload-time = "2026-05-18T04:31:43.657Z" },
    { url = "https://files.pythonhosted.org/packages/60/5d/a17a16eccb182f04188cd308ec24b1a71a9b5c4e7098269cf35d9fa56d02/watchfiles-1.2.0-cp313-cp313t-manylinux_2_17_ppc64le.manylinux2014_ppc64le.whl", hash = "sha256:1bc6195825b7dcd217968bb1f801a60fd4c16e8eeab5bedc7fe917d7d5995ab4", size = 571458, upload-time = "2026-05-18T04:32:11.875Z" },
    { url = "https://files.pythonhosted.org/packages/d3/3d/4dd457062083ab1938e5dfd45032eb425cee2ac817287ca8ff4356183e5d/watchfiles-1.2.0-cp313-cp313t-manylinux_2_17_s390x.manylinux2014_s390x.whl", hash = "sha256:d4a4b147f5dca2a5d325a06a832fb43f345751adfbc63204aec30e0d9ca965a2", size = 464707, upload-time = "2026-05-18T04:30:43.492Z" },
    { url = "https://files.pythonhosted.org/packages/c6/71/ea8c57b128f5383de74d0c7d2d9c57ad7c9a65a930c451bd25d524b295b7/watchfiles-1.2.0-cp313-cp313t-manylinux_2_17_x86_64.manylinux2014_x86_64.whl", hash = "sha256:4543579a9bdb0c9560039b4ffddbdb39545707659fbc430ce4c10f3f68d557f9", size = 454663, upload-time = "2026-05-18T04:30:16.061Z" },
    { url = "https://files.pythonhosted.org/packages/53/fd/2e812bf938406d7db351f0703ddd3fc6c061cf30d96153a77bc79a943a44/watchfiles-1.2.0-cp313-cp313t-manylinux_2_31_riscv64.whl", hash = "sha256:20aa0e708b920bde876a4aa82dc7dd6ebea228a63a67cda6632c2fc87b787efa", size = 463537, upload-time = "2026-05-18T04:31:44.9Z" },
    { url = "https://files.pythonhosted.org/packages/86/56/d17a7f1dd1bc3035f1072694a551301272f1739c2d8e319c927cb9e29b38/watchfiles-1.2.0-cp313-cp313t-musllinux_1_1_aarch64.whl", hash = "sha256:d413349d565dab74297f2a63e84a097936be69bf8f3b3801f27f380e32040f44", size = 629194, upload-time = "2026-05-18T04:31:14.141Z" },
    { url = "https://files.pythonhosted.org/packages/be/06/f1ff66bf5cae50aa4062779a0ecd0bbaf15e466195719074078947d9a17d/watchfiles-1.2.0-cp313-cp313t-musllinux_1_1_x86_64.whl", hash = "sha256:f28b2725eb8cce327b9b3ab02415c853011dc55c95832fe90de6bc56f5315f72", size = 656194, upload-time = "2026-05-18T04:31:47.14Z" },
    { url = "https://files.pythonhosted.org/packages/e7/54/a9c7ea9a82a4ac65e7004c0a03920b5cdd2f9c3b678757d9cd425aa51d53/watchfiles-1.2.0-cp314-cp314-macosx_10_12_x86_64.whl", hash = "sha256:b8c8358484d5fa12ef34f05b7f4168eaf1932f408725ff6d023c33ec17bd79d4", size = 400205, upload-time = "2026-05-18T04:32:05.153Z" },
    { url = "https://files.pythonhosted.org/packages/aa/5d/c9ab3534374a4a67450696905d6ef16a04405448b8dc52bd752ae50423d4/watchfiles-1.2.0-cp314-cp314-macosx_11_0_arm64.whl", hash = "sha256:9f04b092229ad2c50126dd3c922c8822e51e605993764a33058d4a791ab42281", size = 392508, upload-time = "2026-05-18T04:30:54.849Z" },
    { url = "https://files.pythonhosted.org/packages/26/ca/1ad30103535cf0cecd7b993e8d50edc5351b1820e38f2d22e3df58962feb/watchfiles-1.2.0-cp314-cp314-manylinux_2_17_aarch64.manylinux2014_aarch64.whl", hash = "sha256:7a7ce236284f002a156f70add88efe5c70879cccbb658be0822c54b1306fc09d", size = 452448, upload-time = "2026-05-18T04:30:53.727Z" },
    { url = "https://files.pythonhosted.org/packages/37/a1/ceee2cdf2afbd715fa07758d39c9859513eae411b23196f7fd039e5feedd/watchfiles-1.2.0-cp314-cp314-manylinux_2_17_armv7l.manylinux2014_armv7l.whl", hash = "sha256:b9909cc2b48468b575eefa944919e1fe8a36c5849d5c7c168f80a8c1db69398e", size = 459605, upload-time = "2026-05-18T04:30:23.312Z" },
    { url = "https://files.pythonhosted.org/packages/e8/f6/421e30fd1cb3907a84ed92ab3f1983e37ba2dca015e9a894a048418417a2/watchfiles-1.2.0-cp314-cp314-manylinux_2_17_i686.manylinux2014_i686.whl", hash = "sha256:0a37faaed405c67e28e6be45a1fa4f206ef5a2860f27c237db9fa30704c38242", size = 490757, upload-time = "2026-05-18T04:30:47.358Z" },
    { url = "https://files.pythonhosted.org/packages/41/b0/55ed1b97ed08be7bba6f9a541cac15f2a858e1d74d2b07b6da70a82aab00/watchfiles-1.2.0-cp314-cp314-manylinux_2_17_ppc64le.manylinux2014_ppc64le.whl", hash = "sha256:9649193aa27bd9ff2e80ff29bfaa93085496c7a3a377592823cc58b77ee88add", size = 568672, upload-time = "2026-05-18T04:30:38.915Z" },
    { url = "https://files.pythonhosted.org/packages/d1/cf/d8ae8a80dd7bafab395ea7681c10237311bbf34d37704a8c744e7cf31fc7/watchfiles-1.2.0-cp314-cp314-manylinux_2_17_s390x.manylinux2014_s390x.whl", hash = "sha256:4e4ff8e37f99cf1da89e255e07c9c4b37c214038c4283707bdec308cb1b0ea1f", size = 464197, upload-time = "2026-05-18T04:30:09.914Z" },
    { url = "https://files.pythonhosted.org/packages/7c/8a/3076c496ca8dafe0e8cd03fcebdfc47be4b1174b4e5b24ff6e396e6b3af2/watchfiles-1.2.0-cp314-cp314-manylinux_2_17_x86_64.manylinux2014_x86_64.whl", hash = "sha256:054dc20fd2e3132b4c3883b4a00d72fd6e1f56fdaf89fccd12e8057d74cd74d7", size = 453181, upload-time = "2026-05-18T04:30:14.829Z" },
    { url = "https://files.pythonhosted.org/packages/e5/10/9745e17c98e7b8a86454df0a3c7b5686bd650383f1e9f26e4ebcbd6cc0c0/watchfiles-1.2.0-cp314-cp314-manylinux_2_31_riscv64.whl", hash = "sha256:e140ed30ebde76796b686e67c182cff10ea2fbab186fafd1560f74bb5a473a6e", size = 465109, upload-time = "2026-05-18T04:30:28.123Z" },
    { url = "https://files.pythonhosted.org/packages/8f/95/8ef4a95481d3e0cb52d62a06fa6e972e81424be2d9698b91a2fecca9904c/watchfiles-1.2.0-cp314-cp314-musllinux_1_1_aarch64.whl", hash = "sha256:bb7e52ecf68ba46d22df23467b87cffeb2146908aa523ebfe803019618cfda06", size = 630653, upload-time = "2026-05-18T04:31:49.304Z" },
    { url = "https://files.pythonhosted.org/packages/fd/e4/3b3bf36b0f829b50c6ebcb8d031583863c59f923d6a6af3d485e470d0fac/watchfiles-1.2.0-cp314-cp314-musllinux_1_1_x86_64.whl", hash = "sha256:23282a321c8baf9b3a3c4afff673f9fe65eb7fdc2338d765ccad9d3d1916a5ba", size = 657838, upload-time = "2026-05-18T04:31:06.497Z" },
    { url = "https://files.pythonhosted.org/packages/21/b1/6cbbb50c1f3002ab568777d44aa21206dfb8807a840990c4037523b51812/watchfiles-1.2.0-cp314-cp314-win32.whl", hash = "sha256:c0db965c5f79aa49fe672d297cf1febc5ad149b658594944f49a54a2b96270a7", size = 275108, upload-time = "2026-05-18T04:30:06.891Z" },
    { url = "https://files.pythonhosted.org/packages/92/45/190ce6db8dcb4536682cf75d3889ff1a27182a58cb519d343cb6d9ea63d8/watchfiles-1.2.0-cp314-cp314-win_amd64.whl", hash = "sha256:71283b39fd17e5408eb123bd37aeecfd9d54c81fc184421943208aadb879d103", size = 288441, upload-time = "2026-05-18T04:32:12.901Z" },
    { url = "https://files.pythonhosted.org/packages/74/0d/3eae1c2313ab08378431d907c3f8095ecca00f3eda33111cf4f0f2591799/watchfiles-1.2.0-cp314-cp314-win_arm64.whl", hash = "sha256:c5c19526f4e54a00f2666a6c0e9e40d582c09e865055ea7378bf0009aab857b3", size = 280684, upload-time = "2026-05-18T04:31:26.902Z" },
    { url = "https://files.pythonhosted.org/packages/b1/75/fb64e6c25d6b5ca636d03df34ffb1c6e9873303e76d27967e045f8df088f/watchfiles-1.2.0-cp314-cp314t-macosx_10_12_x86_64.whl", hash = "sha256:d73a585accffa5ae39c17264c36ec3166d2fad7000c780f5ef83b2722afb9dd2", size = 398857, upload-time = "2026-05-18T04:32:17.108Z" },
    { url = "https://files.pythonhosted.org/packages/73/4e/9f7adf01754cbf81843722ccfec169d8f26c69778281a302855cecd2ee08/watchfiles-1.2.0-cp314-cp314t-macosx_11_0_arm64.whl", hash = "sha256:ae99b14c5f21e026e0e9d96f40e07d8570ebee6cafd9d8fc318354606daa7a28", size = 392413, upload-time = "2026-05-18T04:31:07.911Z" },
    { url = "https://files.pythonhosted.org/packages/47/c8/bec626bcc2d69f44b9acb24ce7d60ed7b16b73628eea747fcbd169d8edda/watchfiles-1.2.0-cp314-cp314t-manylinux_2_17_aarch64.manylinux2014_aarch64.whl", hash = "sha256:4429f3b105524a10b72c3a819b091c495d2811d419c1e1e8df773a5a5974f831", size = 452409, upload-time = "2026-05-18T04:31:20.142Z" },
    { url = "https://files.pythonhosted.org/packages/00/b7/b6362068e81e7c556d155a34c35d40ac3ef42d747b06d7f6e5bf58e359c2/watchfiles-1.2.0-cp314-cp314t-manylinux_2_17_armv7l.manylinux2014_armv7l.whl", hash = "sha256:43d818978d06062d9b22c4fab2ebe44cf5213d42dc8e62bda8c2760cfa2eeb33", size = 458827, upload-time = "2026-05-18T04:32:06.219Z" },
    { url = "https://files.pythonhosted.org/packages/67/f8/9a813fa42afb1e0b4625e75f0479826644d3ee8dc287e093799bc01f390c/watchfiles-1.2.0-cp314-cp314t-manylinux_2_17_i686.manylinux2014_i686.whl", hash = "sha256:b9f732dc58b2dbe69e464ccf8fff7a03b0dd0be439da4c0720d3558527d3d6b4", size = 490104, upload-time = "2026-05-18T04:31:56.034Z" },
    { url = "https://files.pythonhosted.org/packages/2f/bf/27dfb6094ca4c9aad21298b5525b6c53cb36121ee454331d05161e58d130/watchfiles-1.2.0-cp314-cp314t-manylinux_2_17_ppc64le.manylinux2014_ppc64le.whl", hash = "sha256:8f200104103feb097de4cab8fe4f5dd18a2026934c7dea98c55a2f5fd6d5a33b", size = 571360, upload-time = "2026-05-18T04:31:57.133Z" },
    { url = "https://files.pythonhosted.org/packages/fb/39/44a096d67270ea93df91d33877dbe91fbda3aa4f8ec2edf799d93eda8736/watchfiles-1.2.0-cp314-cp314t-manylinux_2_17_s390x.manylinux2014_s390x.whl", hash = "sha256:63ac26eefbf4af1741247d6fb68b11c49a25b2f7413fbd318a83a12aaa9cf666", size = 464644, upload-time = "2026-05-18T04:30:57.33Z" },
    { url = "https://files.pythonhosted.org/packages/0e/80/c7472203bad6268e3ef1ad260739704847898938ad7ea8b63a5131f46b50/watchfiles-1.2.0-cp314-cp314t-manylinux_2_17_x86_64.manylinux2014_x86_64.whl", hash = "sha256:0c4997d4e4a55f0d02b6cde327322daf3a0400e5df6c6b15948994bf72497925", size = 454771, upload-time = "2026-05-18T04:30:48.736Z" },
    { url = "https://files.pythonhosted.org/packages/51/cf/3b10b268b4b7f0fc26e9debb5eef1998b515887840f444cd3ec80c688755/watchfiles-1.2.0-cp314-cp314t-manylinux_2_31_riscv64.whl", hash = "sha256:4c887eba18b7945ac73067a8b4a66f21cd46c2539b2bc68588f7be6c7eb6d26b", size = 463494, upload-time = "2026-05-18T04:31:33.826Z" },
    { url = "https://files.pythonhosted.org/packages/3d/3e/a4302545cd589262a0dc7d140e86f7688eba3f9c72776c27f7e23b8864c4/watchfiles-1.2.0-cp314-cp314t-musllinux_1_1_aarch64.whl", hash = "sha256:3416ff151bb6b5a8d8d11664974fbef4d9305b9b2957839ab5a270468fd8df30", size = 629383, upload-time = "2026-05-18T04:31:15.596Z" },
    { url = "https://files.pythonhosted.org/packages/db/99/d5649df0a9a410d45b7c882304d0b790903ac9b6e8f2cfd12114e0c6b9f2/watchfiles-1.2.0-cp314-cp314t-musllinux_1_1_x86_64.whl", hash = "sha256:0e831a271c035d89789cffc386b6aa1375f39f1cd25eb7ca0997e4970d152fc5", size = 656093, upload-time = "2026-05-18T04:31:58.707Z" },
    { url = "https://files.pythonhosted.org/packages/92/b9/362702539275019a54dd2e94511b31a9b89c5f9e6a21966de7eb692549fc/watchfiles-1.2.0-cp315-cp315-macosx_10_12_x86_64.whl", hash = "sha256:37a6721cdf3f65dbb13aa9503510ccb4451603ac837e44d265d7992a597e1374", size = 400109, upload-time = "2026-05-18T04:31:16.879Z" },
    { url = "https://files.pythonhosted.org/packages/8f/75/71d5ba62db781e5587bded1d944c675374bc4aa37ff33d5018d98e8b6538/watchfiles-1.2.0-cp315-cp315-macosx_11_0_arm64.whl", hash = "sha256:2b37d10b5a63bd4d87e18472d80fa525bd670586fae62e5dd580452764879b65", size = 392167, upload-time = "2026-05-18T04:31:28.058Z" },
    { url = "https://files.pythonhosted.org/packages/3c/01/c66dd95d0423fe30d31820e2d1d5bda773764131bbb6ac0cb1cf303ac328/watchfiles-1.2.0-cp315-cp315-manylinux_2_17_aarch64.manylinux2014_aarch64.whl", hash = "sha256:0a105bc2283f67e8fbec74253ec2d94925de92ed72c0393f1206bf326b7b7b69", size = 452372, upload-time = "2026-05-18T04:31:00.836Z" },
    { url = "https://files.pythonhosted.org/packages/91/15/2fe99557e72f85627c6a8eed50d889e8d101623e060a22ad75b875cb932d/watchfiles-1.2.0-cp315-cp315-manylinux_2_17_armv7l.manylinux2014_armv7l.whl", hash = "sha256:5327989a465505f05cfe06f04fa9d0c2fd5432bb243e10e6f012b1bdca3c8579", size = 459596, upload-time = "2026-05-18T04:31:34.96Z" },
    { url = "https://files.pythonhosted.org/packages/ed/23/d4acfa0023367428ed48351b3b9b267893037b6cadae55620c61c24bcfd4/watchfiles-1.2.0-cp315-cp315-manylinux_2_17_i686.manylinux2014_i686.whl", hash = "sha256:ecb47f183a8025b2aa18b546725c3657e542112ae9c0613a2af79b4fa8d04ad7", size = 490869, upload-time = "2026-05-18T04:31:59.923Z" },
    { url = "https://files.pythonhosted.org/packages/a4/5f/3164cbdce06c9fb95c4f7b9e2f9760b5e2797af43a9ecc317ef42a23a278/watchfiles-1.2.0-cp315-cp315-manylinux_2_17_ppc64le.manylinux2014_ppc64le.whl", hash = "sha256:8520a4ab0e37f770afc34459c4f8f7019e153f9124dc101c15538365875d1ab2", size = 571641, upload-time = "2026-05-18T04:32:00.948Z" },
    { url = "https://files.pythonhosted.org/packages/41/e6/85d3731c55e65cd7690f3f803d24c139588aaf863e4bf2148fe7a7fa1a19/watchfiles-1.2.0-cp315-cp315-manylinux_2_17_s390x.manylinux2014_s390x.whl", hash = "sha256:71cd71740ed2c15211ebb237ced4e39a1cdf6f80566e5fe95428da1626f4fde6", size = 464444, upload-time = "2026-05-18T04:30:34.298Z" },
    { url = "https://files.pythonhosted.org/packages/f4/7d/562641012b8b09872742c3b8adf9629ec479fd78f8d68ae4a0c13da8add6/watchfiles-1.2.0-cp315-cp315-manylinux_2_17_x86_64.manylinux2014_x86_64.whl", hash = "sha256:f88af53d6ddaf72179ef613ddc905e6f4785f712b49b80b3bef9f3525e6194b4", size = 453593, upload-time = "2026-05-18T04:31:23.464Z" },
    { url = "https://files.pythonhosted.org/packages/56/fe/cb8ef3d6f929d14158fdaaad9925985b7310abc9384dcd4d82dd0016fb59/watchfiles-1.2.0-cp315-cp315-manylinux_2_31_riscv64.whl", hash = "sha256:cee9d5efd929efdac5f7e58f72b3376f676b64050a91c5b99a7094c5b2317488", size = 465096, upload-time = "2026-05-18T04:31:30.384Z" },
    { url = "https://files.pythonhosted.org/packages/25/91/80908e835e100527a9267147b08c0eee1fa6ab0ffec15edc04d1d44885f7/watchfiles-1.2.0-cp315-cp315-musllinux_1_1_aarch64.whl", hash = "sha256:b718bf356bbc15e559bd8ef41782b573b8ae0e3f177ab244b440568d7ea02cfb", size = 630638, upload-time = "2026-05-18T04:30:49.89Z" },
    { url = "https://files.pythonhosted.org/packages/46/4b/95ab2f256bb4af3cb2eb23b9317bda984ee6e0f11733a5c004a6c95b06e3/watchfiles-1.2.0-cp315-cp315-musllinux_1_1_x86_64.whl", hash = "sha256:922c0e019fe68b3ae392965a766b02a71ba1168c932cebc3733cd52c5fe5b377", size = 657684, upload-time = "2026-05-18T04:31:32.027Z" },
]
